
Microsoft Visual Studio Solution File, Format Version 12.00
# Visual Studio Version 17
VisualStudioVersion = 17.8.34511.84
MinimumVisualStudioVersion = 10.0.40219.1
Project("{FAE04EC0-301F-11D3-BF4B-00C04F79EFBC}") = "COMP003A.Assignment5", "COMP003A.Assignment5.csproj", "{8471DCE3-3929-4A8D-8A1A-9BCBB1FB6041}"
EndProject
Global
	GlobalSection(SolutionConfigurationPlatforms) = preSolution
		Debug|Any CPU = Debug|Any CPU
		Release|Any CPU = Release|Any CPU
	EndGlobalSection
	GlobalSection(ProjectConfigurationPlatforms) = postSolution
		{8471DCE3-3929-4A8D-8A1A-9BCBB1FB6041}.Debug|Any CPU.ActiveCfg = Debug|Any CPU
		{8471DCE3-3929-4A8D-8A1A-9BCBB1FB6041}.Debug|Any CPU.Build.0 = Debug|Any CPU
		{8471DCE3-3929-4A8D-8A1A-9BCBB1FB6041}.Release|Any CPU.ActiveCfg = Release|Any CPU
		{8471DCE3-3929-4A8D-8A1A-9BCBB1FB6041}.Release|Any CPU.Build.0 = Release|Any CPU
	EndGlobalSection
	GlobalSection(SolutionProperties) = preSolution
		HideSolutionNode = FALSE
	EndGlobalSection
	GlobalSection(ExtensibilityGlobals) = postSolution
		SolutionGuid = {8C3B020F-F722-49B0-9EBA-6C6F2933F4C6}
	EndGlobalSection
EndGlobal
